// !$*UTF8*$!
{
	archiveVersion = 1;
	classes = {
	};
	objectVersion = 46;
	objects = {

/* Begin PBXBuildFile section */
		0C213096465B78AF4B2E1C21 /* BrandIcons.swift in Sources */ = {isa = PBXBuildFile; fileRef = EECF6017399E32DB52D79482 /* BrandIcons.swift */; };
		0F0454B56ADD42433F99893F /* SettingsView.swift in Sources */ = {isa = PBXBuildFile; fileRef = 47C6C47FAD4937380E6D81B6 /* SettingsView.swift */; };
		120A279394AC75D93395294A /* SubscriptionsListView.swift in Sources */ = {isa = PBXBuildFile; fileRef = CA6323395B9539BF1FB28B17 /* SubscriptionsListView.swift */; };
		246FA8518A29496B1A9EFCEA /* SubscriptionRowView.swift in Sources */ = {isa = PBXBuildFile; fileRef = D58E03FA474198B155673C22 /* SubscriptionRowView.swift */; };
		3CD17B093189A29C3C5CFDA6 /* SubscriptionFormView.swift in Sources */ = {isa = PBXBuildFile; fileRef = B8CC343CD6512FF4F5432855 /* SubscriptionFormView.swift */; };
		4B3916F401ECFD581D984127 /* SubscriptionQuery.swift in Sources */ = {isa = PBXBuildFile; fileRef = BA2F30E048EEC94BBBC18D82 /* SubscriptionQuery.swift */; };
		55A5CCB192B02385038AF4DB /* Format.swift in Sources */ = {isa = PBXBuildFile; fileRef = 490BD20917D691B01DC676B7 /* Format.swift */; };
		579DC8ED4AF034DF4D5CAAB3 /* EmptyStateView.swift in Sources */ = {isa = PBXBuildFile; fileRef = 996BB6071BEC00C94A3E7422 /* EmptyStateView.swift */; };
		59D3BDB56FACA8EB75DFD58B /* RootTabView.swift in Sources */ = {isa = PBXBuildFile; fileRef = E297BD36907A4756790E0C55 /* RootTabView.swift */; };
		6ACD6667B1646FE83B58E434 /* SubTraktApp.swift in Sources */ = {isa = PBXBuildFile; fileRef = B9FCC3C31385F6A50F773F9E /* SubTraktApp.swift */; };
		6CB43C38467583BB459DA4C1 /* CategoryPickerField.swift in Sources */ = {isa = PBXBuildFile; fileRef = AAFE4D017FD0FFF3F458CC4B /* CategoryPickerField.swift */; };
		6F4F600742ADCC0972DBE2D6 /* Foundation.framework in Frameworks */ = {isa = PBXBuildFile; fileRef = 443441A1D84E373973C86FC3 /* Foundation.framework */; };
		7160A2993D83C302EB1665BA /* CategoryBreakdownView.swift in Sources */ = {isa = PBXBuildFile; fileRef = 2DE8FA52FBCE4E15393EF74B /* CategoryBreakdownView.swift */; };
		77776B4B7B0BD03BB3BBF891 /* SubscriptionDraft.swift in Sources */ = {isa = PBXBuildFile; fileRef = 4F57CED8B43AD6A4F85FC03E /* SubscriptionDraft.swift */; };
		7C3571B90D05A8B08D5C90EB /* DateMath.swift in Sources */ = {isa = PBXBuildFile; fileRef = 992B3DFC7FAD4B7BE771EE1E /* DateMath.swift */; };
		8002DF452C6349BC7FCEECFD /* PrivacyInfo.xcprivacy in Resources */ = {isa = PBXBuildFile; fileRef = E27F485A634564EFED6815EA /* PrivacyInfo.xcprivacy */; };
		97BDF0E930F938A36B298E78 /* AppStore.swift in Sources */ = {isa = PBXBuildFile; fileRef = 1F951040B3A48C87D9D54646 /* AppStore.swift */; };
		A2549FF8A4D60E1BA56292F0 /* Currency.swift in Sources */ = {isa = PBXBuildFile; fileRef = 8D76EE99A4066951413D3EB3 /* Currency.swift */; };
		A672E7FD3E53B10BCE48F1FF /* KnownCategories.swift in Sources */ = {isa = PBXBuildFile; fileRef = BF23A8114B477564B779C47A /* KnownCategories.swift */; };
		A7120AF093C97B15348B0DA1 /* Frequency.swift in Sources */ = {isa = PBXBuildFile; fileRef = FC0B8FF17D3B9B45342F0100 /* Frequency.swift */; };
		AAEB4FECF438163938314922 /* PersistenceController.swift in Sources */ = {isa = PBXBuildFile; fileRef = 339539BF5020BEAD03E09C83 /* PersistenceController.swift */; };
		AF09E4CDF66E39054E0019C8 /* StatCardView.swift in Sources */ = {isa = PBXBuildFile; fileRef = 8920BADC902DEF51056271E4 /* StatCardView.swift */; };
		B185D2440EC5F0C8C601C586 /* Constants.swift in Sources */ = {isa = PBXBuildFile; fileRef = 6626161066111AD85547C54B /* Constants.swift */; };
		BA3EBD0513A00293A7C92B62 /* NotificationScheduler.swift in Sources */ = {isa = PBXBuildFile; fileRef = FDEECC146F55CD206BC54ACB /* NotificationScheduler.swift */; };
		BC55F0544B0CE217162FA0E5 /* LogoBadgeView.swift in Sources */ = {isa = PBXBuildFile; fileRef = 75144DC78140B6EAA8180057 /* LogoBadgeView.swift */; };
		BEE274D638C20428C6240E4D /* Theme.swift in Sources */ = {isa = PBXBuildFile; fileRef = 5C9B5BD986E4298DDAD3FFF2 /* Theme.swift */; };
		C37BEB5D3A7044D5F6C534BB /* FrequencySegmentedControl.swift in Sources */ = {isa = PBXBuildFile; fileRef = C5345547312BBB6C031D57F6 /* FrequencySegmentedControl.swift */; };
		C56ADA8AFA7BE3E93DFE42B4 /* AppSettings.swift in Sources */ = {isa = PBXBuildFile; fileRef = 46D1752E8432154E98BF7D5D /* AppSettings.swift */; };
		C733EACC73049D540EB684C7 /* PriceHistoryEntry.swift in Sources */ = {isa = PBXBuildFile; fileRef = 2491D6A03FDE4786D80F5246 /* PriceHistoryEntry.swift */; };
		CE33EC4BFD8136AC09F479D7 /* Reconciler.swift in Sources */ = {isa = PBXBuildFile; fileRef = EB8815F0E461877B2BD89C5B /* Reconciler.swift */; };
		DCE93BD7D0D442AAEF7A143C /* Assets.xcassets in Resources */ = {isa = PBXBuildFile; fileRef = E20EBCEB9531B13A05D404A8 /* Assets.xcassets */; };
		DCEB087688AE9DAC12E06BBE /* Subscription.swift in Sources */ = {isa = PBXBuildFile; fileRef = 65DE76781D6D6E79383D5549 /* Subscription.swift */; };
		E6482F3983B8EE614DDD0C89 /* DashboardView.swift in Sources */ = {isa = PBXBuildFile; fileRef = 93E7C35AA0435CAAF42F5692 /* DashboardView.swift */; };
		F2F88D276726E0A2274719A0 /* CategoryColors.swift in Sources */ = {isa = PBXBuildFile; fileRef = C19B0C42AFA712E58ED3DBD4 /* CategoryColors.swift */; };
/* End PBXBuildFile section */

/* Begin PBXFileReference section */
		1F951040B3A48C87D9D54646 /* AppStore.swift */ = {isa = PBXFileReference; includeInIndex = 1; lastKnownFileType = sourcecode.swift; path = AppStore.swift; sourceTree = "<group>"; };
		2491D6A03FDE4786D80F5246 /* PriceHistoryEntry.swift */ = {isa = PBXFileReference; includeInIndex = 1; lastKnownFileType = sourcecode.swift; path = PriceHistoryEntry.swift; sourceTree = "<group>"; };
		2DE8FA52FBCE4E15393EF74B /* CategoryBreakdownView.swift */ = {isa = PBXFileReference; includeInIndex = 1; lastKnownFileType = sourcecode.swift; path = CategoryBreakdownView.swift; sourceTree = "<group>"; };
		339539BF5020BEAD03E09C83 /* PersistenceController.swift */ = {isa = PBXFileReference; includeInIndex = 1; lastKnownFileType = sourcecode.swift; path = PersistenceController.swift; sourceTree = "<group>"; };
		443441A1D84E373973C86FC3 /* Foundation.framework */ = {isa = PBXFileReference; lastKnownFileType = wrapper.framework; name = Foundation.framework; path = Platforms/iPhoneOS.platform/Developer/SDKs/iPhoneOS26.0.sdk/System/Library/Frameworks/Foundation.framework; sourceTree = DEVELOPER_DIR; };
		46D1752E8432154E98BF7D5D /* AppSettings.swift */ = {isa = PBXFileReference; includeInIndex = 1; lastKnownFileType = sourcecode.swift; path = AppSettings.swift; sourceTree = "<group>"; };
		47C6C47FAD4937380E6D81B6 /* SettingsView.swift */ = {isa = PBXFileReference; includeInIndex = 1; lastKnownFileType = sourcecode.swift; path = SettingsView.swift; sourceTree = "<group>"; };
		490BD20917D691B01DC676B7 /* Format.swift */ = {isa = PBXFileReference; includeInIndex = 1; lastKnownFileType = sourcecode.swift; path = Format.swift; sourceTree = "<group>"; };
		4F57CED8B43AD6A4F85FC03E /* SubscriptionDraft.swift */ = {isa = PBXFileReference; includeInIndex = 1; lastKnownFileType = sourcecode.swift; path = SubscriptionDraft.swift; sourceTree = "<group>"; };
		5C9B5BD986E4298DDAD3FFF2 /* Theme.swift */ = {isa = PBXFileReference; includeInIndex = 1; lastKnownFileType = sourcecode.swift; path = Theme.swift; sourceTree = "<group>"; };
		65DE76781D6D6E79383D5549 /* Subscription.swift */ = {isa = PBXFileReference; includeInIndex = 1; lastKnownFileType = sourcecode.swift; path = Subscription.swift; sourceTree = "<group>"; };
		6626161066111AD85547C54B /* Constants.swift */ = {isa = PBXFileReference; includeInIndex = 1; lastKnownFileType = sourcecode.swift; path = Constants.swift; sourceTree = "<group>"; };
		745E8689B609133E4AAACFEC /* SubTrakt.app */ = {isa = PBXFileReference; explicitFileType = wrapper.application; includeInIndex = 0; path = SubTrakt.app; sourceTree = BUILT_PRODUCTS_DIR; };
		75144DC78140B6EAA8180057 /* LogoBadgeView.swift */ = {isa = PBXFileReference; includeInIndex = 1; lastKnownFileType = sourcecode.swift; path = LogoBadgeView.swift; sourceTree = "<group>"; };
		8920BADC902DEF51056271E4 /* StatCardView.swift */ = {isa = PBXFileReference; includeInIndex = 1; lastKnownFileType = sourcecode.swift; path = StatCardView.swift; sourceTree = "<group>"; };
		8D76EE99A4066951413D3EB3 /* Currency.swift */ = {isa = PBXFileReference; includeInIndex = 1; lastKnownFileType = sourcecode.swift; path = Currency.swift; sourceTree = "<group>"; };
		93E7C35AA0435CAAF42F5692 /* DashboardView.swift */ = {isa = PBXFileReference; includeInIndex = 1; lastKnownFileType = sourcecode.swift; path = DashboardView.swift; sourceTree = "<group>"; };
		992B3DFC7FAD4B7BE771EE1E /* DateMath.swift */ = {isa = PBXFileReference; includeInIndex = 1; lastKnownFileType = sourcecode.swift; path = DateMath.swift; sourceTree = "<group>"; };
		996BB6071BEC00C94A3E7422 /* EmptyStateView.swift */ = {isa = PBXFileReference; includeInIndex = 1; lastKnownFileType = sourcecode.swift; path = EmptyStateView.swift; sourceTree = "<group>"; };
		AAFE4D017FD0FFF3F458CC4B /* CategoryPickerField.swift */ = {isa = PBXFileReference; includeInIndex = 1; lastKnownFileType = sourcecode.swift; path = CategoryPickerField.swift; sourceTree = "<group>"; };
		B8CC343CD6512FF4F5432855 /* SubscriptionFormView.swift */ = {isa = PBXFileReference; includeInIndex = 1; lastKnownFileType = sourcecode.swift; path = SubscriptionFormView.swift; sourceTree = "<group>"; };
		B9FCC3C31385F6A50F773F9E /* SubTraktApp.swift */ = {isa = PBXFileReference; includeInIndex = 1; lastKnownFileType = sourcecode.swift; path = SubTraktApp.swift; sourceTree = "<group>"; };
		BA2F30E048EEC94BBBC18D82 /* SubscriptionQuery.swift */ = {isa = PBXFileReference; includeInIndex = 1; lastKnownFileType = sourcecode.swift; path = SubscriptionQuery.swift; sourceTree = "<group>"; };
		BF23A8114B477564B779C47A /* KnownCategories.swift */ = {isa = PBXFileReference; includeInIndex = 1; lastKnownFileType = sourcecode.swift; path = KnownCategories.swift; sourceTree = "<group>"; };
		C19B0C42AFA712E58ED3DBD4 /* CategoryColors.swift */ = {isa = PBXFileReference; includeInIndex = 1; lastKnownFileType = sourcecode.swift; path = CategoryColors.swift; sourceTree = "<group>"; };
		C5345547312BBB6C031D57F6 /* FrequencySegmentedControl.swift */ = {isa = PBXFileReference; includeInIndex = 1; lastKnownFileType = sourcecode.swift; path = FrequencySegmentedControl.swift; sourceTree = "<group>"; };
		CA6323395B9539BF1FB28B17 /* SubscriptionsListView.swift */ = {isa = PBXFileReference; includeInIndex = 1; lastKnownFileType = sourcecode.swift; path = SubscriptionsListView.swift; sourceTree = "<group>"; };
		D58E03FA474198B155673C22 /* SubscriptionRowView.swift */ = {isa = PBXFileReference; includeInIndex = 1; lastKnownFileType = sourcecode.swift; path = SubscriptionRowView.swift; sourceTree = "<group>"; };
		E20EBCEB9531B13A05D404A8 /* Assets.xcassets */ = {isa = PBXFileReference; includeInIndex = 1; lastKnownFileType = folder.assetcatalog; path = Assets.xcassets; sourceTree = "<group>"; };
		E27F485A634564EFED6815EA /* PrivacyInfo.xcprivacy */ = {isa = PBXFileReference; includeInIndex = 1; path = PrivacyInfo.xcprivacy; sourceTree = "<group>"; };
		E297BD36907A4756790E0C55 /* RootTabView.swift */ = {isa = PBXFileReference; includeInIndex = 1; lastKnownFileType = sourcecode.swift; path = RootTabView.swift; sourceTree = "<group>"; };
		EB8815F0E461877B2BD89C5B /* Reconciler.swift */ = {isa = PBXFileReference; includeInIndex = 1; lastKnownFileType = sourcecode.swift; path = Reconciler.swift; sourceTree = "<group>"; };
		EECF6017399E32DB52D79482 /* BrandIcons.swift */ = {isa = PBXFileReference; includeInIndex = 1; lastKnownFileType = sourcecode.swift; path = BrandIcons.swift; sourceTree = "<group>"; };
		FC0B8FF17D3B9B45342F0100 /* Frequency.swift */ = {isa = PBXFileReference; includeInIndex = 1; lastKnownFileType = sourcecode.swift; path = Frequency.swift; sourceTree = "<group>"; };
		FDEECC146F55CD206BC54ACB /* NotificationScheduler.swift */ = {isa = PBXFileReference; includeInIndex = 1; lastKnownFileType = sourcecode.swift; path = NotificationScheduler.swift; sourceTree = "<group>"; };
/* End PBXFileReference section */

/* Begin PBXFrameworksBuildPhase section */
		81D389AB876D3D08CBA12AA6 /* Frameworks */ = {
			isa = PBXFrameworksBuildPhase;
			buildActionMask = 2147483647;
			files = (
				6F4F600742ADCC0972DBE2D6 /* Foundation.framework in Frameworks */,
			);
			runOnlyForDeploymentPostprocessing = 0;
		};
/* End PBXFrameworksBuildPhase section */

/* Begin PBXGroup section */
		1617FBDF8C009CA2C4FA8320 /* Frameworks */ = {
			isa = PBXGroup;
			children = (
				21E2FCD5223A5272BC110380 /* iOS */,
			);
			name = Frameworks;
			sourceTree = "<group>";
		};
		21E2DAE9058668CA2CF822D8 /* Logic */ = {
			isa = PBXGroup;
			children = (
				EECF6017399E32DB52D79482 /* BrandIcons.swift */,
				C19B0C42AFA712E58ED3DBD4 /* CategoryColors.swift */,
				8D76EE99A4066951413D3EB3 /* Currency.swift */,
				992B3DFC7FAD4B7BE771EE1E /* DateMath.swift */,
				490BD20917D691B01DC676B7 /* Format.swift */,
				BF23A8114B477564B779C47A /* KnownCategories.swift */,
				EB8815F0E461877B2BD89C5B /* Reconciler.swift */,
				BA2F30E048EEC94BBBC18D82 /* SubscriptionQuery.swift */,
				5C9B5BD986E4298DDAD3FFF2 /* Theme.swift */,
			);
			name = Logic;
			path = Logic;
			sourceTree = "<group>";
		};
		21E2FCD5223A5272BC110380 /* iOS */ = {
			isa = PBXGroup;
			children = (
				443441A1D84E373973C86FC3 /* Foundation.framework */,
			);
			name = iOS;
			sourceTree = "<group>";
		};
		23109225485B1DCE3EFCD395 /* Products */ = {
			isa = PBXGroup;
			children = (
				745E8689B609133E4AAACFEC /* SubTrakt.app */,
			);
			name = Products;
			sourceTree = "<group>";
		};
		4DE59281E2DABF4E6F49AE32 /* Dashboard */ = {
			isa = PBXGroup;
			children = (
				2DE8FA52FBCE4E15393EF74B /* CategoryBreakdownView.swift */,
				93E7C35AA0435CAAF42F5692 /* DashboardView.swift */,
				8920BADC902DEF51056271E4 /* StatCardView.swift */,
			);
			name = Dashboard;
			path = Dashboard;
			sourceTree = "<group>";
		};
		4E8ED190ABD2698786459179 /* Views */ = {
			isa = PBXGroup;
			children = (
				4DE59281E2DABF4E6F49AE32 /* Dashboard */,
				E297BD36907A4756790E0C55 /* RootTabView.swift */,
				F954EA9051A2258B80958E1F /* Settings */,
				B05F669B1BDAF2096FB40388 /* Shared */,
				E8DED99B90846F290CC3C378 /* Subscriptions */,
			);
			name = Views;
			path = Views;
			sourceTree = "<group>";
		};
		5449DA6438CE3F4545D8EBD8 /* App */ = {
			isa = PBXGroup;
			children = (
				B9FCC3C31385F6A50F773F9E /* SubTraktApp.swift */,
			);
			name = App;
			path = App;
			sourceTree = "<group>";
		};
		6BC0BFB3211D120C7B3C5CFC /* Persistence */ = {
			isa = PBXGroup;
			children = (
				1F951040B3A48C87D9D54646 /* AppStore.swift */,
				339539BF5020BEAD03E09C83 /* PersistenceController.swift */,
				4F57CED8B43AD6A4F85FC03E /* SubscriptionDraft.swift */,
			);
			name = Persistence;
			path = Persistence;
			sourceTree = "<group>";
		};
		70CAA41441085BA3BFB05EBB /* SubTrakt */ = {
			isa = PBXGroup;
			children = (
				5449DA6438CE3F4545D8EBD8 /* App */,
				21E2DAE9058668CA2CF822D8 /* Logic */,
				EE2BE8762BD33ADFA864FADF /* Models */,
				78B2714494EE82C8119754C8 /* Notifications */,
				6BC0BFB3211D120C7B3C5CFC /* Persistence */,
				A6BF1D1D589D80C0F432708A /* Resources */,
				4E8ED190ABD2698786459179 /* Views */,
			);
			name = SubTrakt;
			path = SubTrakt;
			sourceTree = "<group>";
		};
		78B2714494EE82C8119754C8 /* Notifications */ = {
			isa = PBXGroup;
			children = (
				FDEECC146F55CD206BC54ACB /* NotificationScheduler.swift */,
			);
			name = Notifications;
			path = Notifications;
			sourceTree = "<group>";
		};
		8EE129C189C8E651506C91FB = {
			isa = PBXGroup;
			children = (
				23109225485B1DCE3EFCD395 /* Products */,
				1617FBDF8C009CA2C4FA8320 /* Frameworks */,
				70CAA41441085BA3BFB05EBB /* SubTrakt */,
			);
			sourceTree = "<group>";
		};
		A6BF1D1D589D80C0F432708A /* Resources */ = {
			isa = PBXGroup;
			children = (
				E20EBCEB9531B13A05D404A8 /* Assets.xcassets */,
				E27F485A634564EFED6815EA /* PrivacyInfo.xcprivacy */,
			);
			name = Resources;
			path = Resources;
			sourceTree = "<group>";
		};
		B05F669B1BDAF2096FB40388 /* Shared */ = {
			isa = PBXGroup;
			children = (
				AAFE4D017FD0FFF3F458CC4B /* CategoryPickerField.swift */,
				996BB6071BEC00C94A3E7422 /* EmptyStateView.swift */,
				C5345547312BBB6C031D57F6 /* FrequencySegmentedControl.swift */,
				75144DC78140B6EAA8180057 /* LogoBadgeView.swift */,
			);
			name = Shared;
			path = Shared;
			sourceTree = "<group>";
		};
		E8DED99B90846F290CC3C378 /* Subscriptions */ = {
			isa = PBXGroup;
			children = (
				B8CC343CD6512FF4F5432855 /* SubscriptionFormView.swift */,
				D58E03FA474198B155673C22 /* SubscriptionRowView.swift */,
				CA6323395B9539BF1FB28B17 /* SubscriptionsListView.swift */,
			);
			name = Subscriptions;
			path = Subscriptions;
			sourceTree = "<group>";
		};
		EE2BE8762BD33ADFA864FADF /* Models */ = {
			isa = PBXGroup;
			children = (
				46D1752E8432154E98BF7D5D /* AppSettings.swift */,
				6626161066111AD85547C54B /* Constants.swift */,
				FC0B8FF17D3B9B45342F0100 /* Frequency.swift */,
				2491D6A03FDE4786D80F5246 /* PriceHistoryEntry.swift */,
				65DE76781D6D6E79383D5549 /* Subscription.swift */,
			);
			name = Models;
			path = Models;
			sourceTree = "<group>";
		};
		F954EA9051A2258B80958E1F /* Settings */ = {
			isa = PBXGroup;
			children = (
				47C6C47FAD4937380E6D81B6 /* SettingsView.swift */,
			);
			name = Settings;
			path = Settings;
			sourceTree = "<group>";
		};
/* End PBXGroup section */

/* Begin PBXNativeTarget section */
		0572CA24AAB20B26C1BA994D /* SubTrakt */ = {
			isa = PBXNativeTarget;
			buildConfigurationList = 2EF4432431A4519EE4486833 /* Build configuration list for PBXNativeTarget "SubTrakt" */;
			buildPhases = (
				10A7228BFC63BB748B2E9DAA /* Sources */,
				81D389AB876D3D08CBA12AA6 /* Frameworks */,
				EAC37262505AE7C013CF2893 /* Resources */,
			);
			buildRules = (
			);
			dependencies = (
			);
			name = SubTrakt;
			productName = SubTrakt;
			productReference = 745E8689B609133E4AAACFEC /* SubTrakt.app */;
			productType = "com.apple.product-type.application";
		};
/* End PBXNativeTarget section */

/* Begin PBXProject section */
		2D75C9A3FC34EBE59039B301 /* Project object */ = {
			isa = PBXProject;
			attributes = {
				LastSwiftUpdateCheck = 1600;
				LastUpgradeCheck = 1600;
			};
			buildConfigurationList = 2B6B919CA03C6A35CB02B4FE /* Build configuration list for PBXProject "SubTrakt" */;
			compatibilityVersion = "Xcode 3.2";
			developmentRegion = en;
			hasScannedForEncodings = 0;
			knownRegions = (
				en,
				Base,
			);
			mainGroup = 8EE129C189C8E651506C91FB;
			minimizedProjectReferenceProxies = 0;
			preferredProjectObjectVersion = 100;
			productRefGroup = 23109225485B1DCE3EFCD395 /* Products */;
			projectDirPath = "";
			projectRoot = "";
			targets = (
				0572CA24AAB20B26C1BA994D /* SubTrakt */,
			);
		};
/* End PBXProject section */

/* Begin PBXResourcesBuildPhase section */
		EAC37262505AE7C013CF2893 /* Resources */ = {
			isa = PBXResourcesBuildPhase;
			buildActionMask = 2147483647;
			files = (
				DCE93BD7D0D442AAEF7A143C /* Assets.xcassets in Resources */,
				8002DF452C6349BC7FCEECFD /* PrivacyInfo.xcprivacy in Resources */,
			);
			runOnlyForDeploymentPostprocessing = 0;
		};
/* End PBXResourcesBuildPhase section */

/* Begin PBXSourcesBuildPhase section */
		10A7228BFC63BB748B2E9DAA /* Sources */ = {
			isa = PBXSourcesBuildPhase;
			buildActionMask = 2147483647;
			files = (
				6ACD6667B1646FE83B58E434 /* SubTraktApp.swift in Sources */,
				0C213096465B78AF4B2E1C21 /* BrandIcons.swift in Sources */,
				F2F88D276726E0A2274719A0 /* CategoryColors.swift in Sources */,
				A2549FF8A4D60E1BA56292F0 /* Currency.swift in Sources */,
				7C3571B90D05A8B08D5C90EB /* DateMath.swift in Sources */,
				55A5CCB192B02385038AF4DB /* Format.swift in Sources */,
				A672E7FD3E53B10BCE48F1FF /* KnownCategories.swift in Sources */,
				CE33EC4BFD8136AC09F479D7 /* Reconciler.swift in Sources */,
				4B3916F401ECFD581D984127 /* SubscriptionQuery.swift in Sources */,
				BEE274D638C20428C6240E4D /* Theme.swift in Sources */,
				C56ADA8AFA7BE3E93DFE42B4 /* AppSettings.swift in Sources */,
				B185D2440EC5F0C8C601C586 /* Constants.swift in Sources */,
				A7120AF093C97B15348B0DA1 /* Frequency.swift in Sources */,
				C733EACC73049D540EB684C7 /* PriceHistoryEntry.swift in Sources */,
				DCEB087688AE9DAC12E06BBE /* Subscription.swift in Sources */,
				BA3EBD0513A00293A7C92B62 /* NotificationScheduler.swift in Sources */,
				97BDF0E930F938A36B298E78 /* AppStore.swift in Sources */,
				AAEB4FECF438163938314922 /* PersistenceController.swift in Sources */,
				77776B4B7B0BD03BB3BBF891 /* SubscriptionDraft.swift in Sources */,
				7160A2993D83C302EB1665BA /* CategoryBreakdownView.swift in Sources */,
				E6482F3983B8EE614DDD0C89 /* DashboardView.swift in Sources */,
				AF09E4CDF66E39054E0019C8 /* StatCardView.swift in Sources */,
				59D3BDB56FACA8EB75DFD58B /* RootTabView.swift in Sources */,
				0F0454B56ADD42433F99893F /* SettingsView.swift in Sources */,
				6CB43C38467583BB459DA4C1 /* CategoryPickerField.swift in Sources */,
				579DC8ED4AF034DF4D5CAAB3 /* EmptyStateView.swift in Sources */,
				C37BEB5D3A7044D5F6C534BB /* FrequencySegmentedControl.swift in Sources */,
				BC55F0544B0CE217162FA0E5 /* LogoBadgeView.swift in Sources */,
				3CD17B093189A29C3C5CFDA6 /* SubscriptionFormView.swift in Sources */,
				246FA8518A29496B1A9EFCEA /* SubscriptionRowView.swift in Sources */,
				120A279394AC75D93395294A /* SubscriptionsListView.swift in Sources */,
			);
			runOnlyForDeploymentPostprocessing = 0;
		};
/* End PBXSourcesBuildPhase section */

/* Begin XCBuildConfiguration section */
		644783310B682CCE26BF9DAF /* Debug */ = {
			isa = XCBuildConfiguration;
			buildSettings = {
				ALWAYS_SEARCH_USER_PATHS = NO;
				CLANG_ANALYZER_NONNULL = YES;
				CLANG_ANALYZER_NUMBER_OBJECT_CONVERSION = YES_AGGRESSIVE;
				CLANG_CXX_LANGUAGE_STANDARD = "gnu++14";
				CLANG_CXX_LIBRARY = "libc++";
				CLANG_ENABLE_MODULES = YES;
				CLANG_ENABLE_OBJC_ARC = YES;
				CLANG_ENABLE_OBJC_WEAK = YES;
				CLANG_WARN_BLOCK_CAPTURE_AUTORELEASING = YES;
				CLANG_WARN_BOOL_CONVERSION = YES;
				CLANG_WARN_COMMA = YES;
				CLANG_WARN_CONSTANT_CONVERSION = YES;
				CLANG_WARN_DEPRECATED_OBJC_IMPLEMENTATIONS = YES;
				CLANG_WARN_DIRECT_OBJC_ISA_USAGE = YES_ERROR;
				CLANG_WARN_DOCUMENTATION_COMMENTS = YES;
				CLANG_WARN_EMPTY_BODY = YES;
				CLANG_WARN_ENUM_CONVERSION = YES;
				CLANG_WARN_INFINITE_RECURSION = YES;
				CLANG_WARN_INT_CONVERSION = YES;
				CLANG_WARN_NON_LITERAL_NULL_CONVERSION = YES;
				CLANG_WARN_OBJC_IMPLICIT_RETAIN_SELF = YES;
				CLANG_WARN_OBJC_LITERAL_CONVERSION = YES;
				CLANG_WARN_OBJC_ROOT_CLASS = YES_ERROR;
				CLANG_WARN_QUOTED_INCLUDE_IN_FRAMEWORK_HEADER = YES;
				CLANG_WARN_RANGE_LOOP_ANALYSIS = YES;
				CLANG_WARN_STRICT_PROTOTYPES = YES;
				CLANG_WARN_SUSPICIOUS_MOVE = YES;
				CLANG_WARN_UNGUARDED_AVAILABILITY = YES_AGGRESSIVE;
				CLANG_WARN_UNREACHABLE_CODE = YES;
				CLANG_WARN__DUPLICATE_METHOD_MATCH = YES;
				COPY_PHASE_STRIP = NO;
				DEBUG_INFORMATION_FORMAT = dwarf;
				ENABLE_STRICT_OBJC_MSGSEND = YES;
				ENABLE_TESTABILITY = YES;
				GCC_C_LANGUAGE_STANDARD = gnu11;
				GCC_DYNAMIC_NO_PIC = NO;
				GCC_NO_COMMON_BLOCKS = YES;
				GCC_OPTIMIZATION_LEVEL = 0;
				GCC_PREPROCESSOR_DEFINITIONS = (
					"DEBUG=1",
					"$(inherited)",
				);
				GCC_WARN_64_TO_32_BIT_CONVERSION = YES;
				GCC_WARN_ABOUT_RETURN_TYPE = YES_ERROR;
				GCC_WARN_UNDECLARED_SELECTOR = YES;
				GCC_WARN_UNINITIALIZED_AUTOS = YES_AGGRESSIVE;
				GCC_WARN_UNUSED_FUNCTION = YES;
				GCC_WARN_UNUSED_VARIABLE = YES;
				MTL_ENABLE_DEBUG_INFO = INCLUDE_SOURCE;
				MTL_FAST_MATH = YES;
				ONLY_ACTIVE_ARCH = YES;
				PRODUCT_NAME = "$(TARGET_NAME)";
				SWIFT_ACTIVE_COMPILATION_CONDITIONS = DEBUG;
				SWIFT_OPTIMIZATION_LEVEL = "-Onone";
				SWIFT_VERSION = 5.0;
			};
			name = Debug;
		};
		75883AAC88CBE73373C80B75 /* Release */ = {
			isa = XCBuildConfiguration;
			buildSettings = {
				ALWAYS_SEARCH_USER_PATHS = NO;
				CLANG_ANALYZER_NONNULL = YES;
				CLANG_ANALYZER_NUMBER_OBJECT_CONVERSION = YES_AGGRESSIVE;
				CLANG_CXX_LANGUAGE_STANDARD = "gnu++14";
				CLANG_CXX_LIBRARY = "libc++";
				CLANG_ENABLE_MODULES = YES;
				CLANG_ENABLE_OBJC_ARC = YES;
				CLANG_ENABLE_OBJC_WEAK = YES;
				CLANG_WARN_BLOCK_CAPTURE_AUTORELEASING = YES;
				CLANG_WARN_BOOL_CONVERSION = YES;
				CLANG_WARN_COMMA = YES;
				CLANG_WARN_CONSTANT_CONVERSION = YES;
				CLANG_WARN_DEPRECATED_OBJC_IMPLEMENTATIONS = YES;
				CLANG_WARN_DIRECT_OBJC_ISA_USAGE = YES_ERROR;
				CLANG_WARN_DOCUMENTATION_COMMENTS = YES;
				CLANG_WARN_EMPTY_BODY = YES;
				CLANG_WARN_ENUM_CONVERSION = YES;
				CLANG_WARN_INFINITE_RECURSION = YES;
				CLANG_WARN_INT_CONVERSION = YES;
				CLANG_WARN_NON_LITERAL_NULL_CONVERSION = YES;
				CLANG_WARN_OBJC_IMPLICIT_RETAIN_SELF = YES;
				CLANG_WARN_OBJC_LITERAL_CONVERSION = YES;
				CLANG_WARN_OBJC_ROOT_CLASS = YES_ERROR;
				CLANG_WARN_QUOTED_INCLUDE_IN_FRAMEWORK_HEADER = YES;
				CLANG_WARN_RANGE_LOOP_ANALYSIS = YES;
				CLANG_WARN_STRICT_PROTOTYPES = YES;
				CLANG_WARN_SUSPICIOUS_MOVE = YES;
				CLANG_WARN_UNGUARDED_AVAILABILITY = YES_AGGRESSIVE;
				CLANG_WARN_UNREACHABLE_CODE = YES;
				CLANG_WARN__DUPLICATE_METHOD_MATCH = YES;
				COPY_PHASE_STRIP = NO;
				DEBUG_INFORMATION_FORMAT = "dwarf-with-dsym";
				ENABLE_NS_ASSERTIONS = NO;
				ENABLE_STRICT_OBJC_MSGSEND = YES;
				GCC_C_LANGUAGE_STANDARD = gnu11;
				GCC_NO_COMMON_BLOCKS = YES;
				GCC_WARN_64_TO_32_BIT_CONVERSION = YES;
				GCC_WARN_ABOUT_RETURN_TYPE = YES_ERROR;
				GCC_WARN_UNDECLARED_SELECTOR = YES;
				GCC_WARN_UNINITIALIZED_AUTOS = YES_AGGRESSIVE;
				GCC_WARN_UNUSED_FUNCTION = YES;
				GCC_WARN_UNUSED_VARIABLE = YES;
				MTL_ENABLE_DEBUG_INFO = NO;
				MTL_FAST_MATH = YES;
				PRODUCT_NAME = "$(TARGET_NAME)";
				SWIFT_COMPILATION_MODE = wholemodule;
				SWIFT_OPTIMIZATION_LEVEL = "-O";
				SWIFT_VERSION = 5.0;
			};
			name = Release;
		};
		A35CDB332B85DC3BFF613BB7 /* Release */ = {
			isa = XCBuildConfiguration;
			buildSettings = {
				ASSETCATALOG_COMPILER_APPICON_NAME = AppIcon;
				ASSETCATALOG_COMPILER_GLOBAL_ACCENT_COLOR_NAME = AccentColor;
				CLANG_ENABLE_OBJC_WEAK = NO;
				CODE_SIGN_STYLE = Automatic;
				CURRENT_PROJECT_VERSION = 1;
				DEVELOPMENT_TEAM = 3PJ4Q58Z3W;
				ENABLE_PREVIEWS = YES;
				GENERATE_INFOPLIST_FILE = YES;
				INFOPLIST_KEY_CFBundleDisplayName = SubTrakt;
				INFOPLIST_KEY_ITSAppUsesNonExemptEncryption = NO;
				INFOPLIST_KEY_UIApplicationSceneManifest_Generation = YES;
				INFOPLIST_KEY_UILaunchScreen_Generation = YES;
				INFOPLIST_KEY_UIRequiresFullScreen = YES;
				INFOPLIST_KEY_UISupportedInterfaceOrientations = UIInterfaceOrientationPortrait;
				"INFOPLIST_KEY_UISupportedInterfaceOrientations~ipad" = "UIInterfaceOrientationPortrait UIInterfaceOrientationPortraitUpsideDown";
				IPHONEOS_DEPLOYMENT_TARGET = 17.0;
				LD_RUNPATH_SEARCH_PATHS = "$(inherited) @executable_path/Frameworks";
				MARKETING_VERSION = 1.0;
				PRODUCT_BUNDLE_IDENTIFIER = com.mattheriault.SubTrakt;
				SDKROOT = iphoneos;
				SWIFT_EMIT_LOC_STRINGS = NO;
				SWIFT_VERSION = 5.0;
				TARGETED_DEVICE_FAMILY = "1,2";
				VALIDATE_PRODUCT = YES;
			};
			name = Release;
		};
		EB3EDBCD0637CEBC35B0827B /* Debug */ = {
			isa = XCBuildConfiguration;
			buildSettings = {
				ASSETCATALOG_COMPILER_APPICON_NAME = AppIcon;
				ASSETCATALOG_COMPILER_GLOBAL_ACCENT_COLOR_NAME = AccentColor;
				CLANG_ENABLE_OBJC_WEAK = NO;
				CODE_SIGN_STYLE = Automatic;
				CURRENT_PROJECT_VERSION = 1;
				DEVELOPMENT_TEAM = 3PJ4Q58Z3W;
				ENABLE_PREVIEWS = YES;
				GENERATE_INFOPLIST_FILE = YES;
				INFOPLIST_KEY_CFBundleDisplayName = SubTrakt;
				INFOPLIST_KEY_ITSAppUsesNonExemptEncryption = NO;
				INFOPLIST_KEY_UIApplicationSceneManifest_Generation = YES;
				INFOPLIST_KEY_UILaunchScreen_Generation = YES;
				INFOPLIST_KEY_UIRequiresFullScreen = YES;
				INFOPLIST_KEY_UISupportedInterfaceOrientations = UIInterfaceOrientationPortrait;
				"INFOPLIST_KEY_UISupportedInterfaceOrientations~ipad" = "UIInterfaceOrientationPortrait UIInterfaceOrientationPortraitUpsideDown";
				IPHONEOS_DEPLOYMENT_TARGET = 17.0;
				LD_RUNPATH_SEARCH_PATHS = "$(inherited) @executable_path/Frameworks";
				MARKETING_VERSION = 1.0;
				PRODUCT_BUNDLE_IDENTIFIER = com.mattheriault.SubTrakt;
				SDKROOT = iphoneos;
				SWIFT_EMIT_LOC_STRINGS = NO;
				SWIFT_VERSION = 5.0;
				TARGETED_DEVICE_FAMILY = "1,2";
			};
			name = Debug;
		};
/* End XCBuildConfiguration section */

/* Begin XCConfigurationList section */
		2B6B919CA03C6A35CB02B4FE /* Build configuration list for PBXProject "SubTrakt" */ = {
			isa = XCConfigurationList;
			buildConfigurations = (
				644783310B682CCE26BF9DAF /* Debug */,
				75883AAC88CBE73373C80B75 /* Release */,
			);
			defaultConfigurationIsVisible = 0;
			defaultConfigurationName = Release;
		};
		2EF4432431A4519EE4486833 /* Build configuration list for PBXNativeTarget "SubTrakt" */ = {
			isa = XCConfigurationList;
			buildConfigurations = (
				A35CDB332B85DC3BFF613BB7 /* Release */,
				EB3EDBCD0637CEBC35B0827B /* Debug */,
			);
			defaultConfigurationIsVisible = 0;
			defaultConfigurationName = Release;
		};
/* End XCConfigurationList section */
	};
	rootObject = 2D75C9A3FC34EBE59039B301 /* Project object */;
}
