// !$*UTF8*$!
{
	archiveVersion = 1;
	classes = {
	};
	objectVersion = 46;
	objects = {

/* Begin PBXBuildFile section */
		006FB40AD8D51E9C2BFF093F /* Reconciler.swift in Sources */ = {isa = PBXBuildFile; fileRef = 0816ADBA94DF4BCC3FD97261 /* Reconciler.swift */; };
		17FDEA78EFFC5DFA7E80DD45 /* StatCardView.swift in Sources */ = {isa = PBXBuildFile; fileRef = 233D6600C31ADEBB33FDA41C /* StatCardView.swift */; };
		1D28F7211925DD5CDC9942B5 /* DashboardView.swift in Sources */ = {isa = PBXBuildFile; fileRef = 85B7D7906AD5EC417B7CB231 /* DashboardView.swift */; };
		2338FB6FE3D01F5709C76880 /* SubscriptionFormView.swift in Sources */ = {isa = PBXBuildFile; fileRef = 5C4B1F8B28FE7FC8517C9052 /* SubscriptionFormView.swift */; };
		29FF7DC01620CA581AB62246 /* LogoBadgeView.swift in Sources */ = {isa = PBXBuildFile; fileRef = 0C4E8FF6998711BE921920CF /* LogoBadgeView.swift */; };
		31E94ACAEAE70E08D9657982 /* SubscriptionsListView.swift in Sources */ = {isa = PBXBuildFile; fileRef = 150691C2D63B3ACFD7C1D745 /* SubscriptionsListView.swift */; };
		32C105077D914196EC583401 /* PersistenceController.swift in Sources */ = {isa = PBXBuildFile; fileRef = 5CC02A5CB4406ECAEB9A6BFB /* PersistenceController.swift */; };
		3998B5879D0ED8B939C69B43 /* BrandIcons.swift in Sources */ = {isa = PBXBuildFile; fileRef = 561FDBCC96700B9E18E665D0 /* BrandIcons.swift */; };
		3C4EC4C476A86AABA0184674 /* SubscriptionDraft.swift in Sources */ = {isa = PBXBuildFile; fileRef = 1ED6981CF781920DB097D031 /* SubscriptionDraft.swift */; };
		44B1296B506FCBE1E434B0B3 /* OnboardingView.swift in Sources */ = {isa = PBXBuildFile; fileRef = 9D266A1640738CC107EC2CD0 /* OnboardingView.swift */; };
		4929024249250A8D9D2F7089 /* Frequency.swift in Sources */ = {isa = PBXBuildFile; fileRef = B8919A359C9607FF6EDF20D5 /* Frequency.swift */; };
		496BDCA840EC6782EBE754D2 /* SubscriptionRowView.swift in Sources */ = {isa = PBXBuildFile; fileRef = 9AE28B392C73D8EC268AD4BD /* SubscriptionRowView.swift */; };
		5A9E4E8B8A0A3546D3593306 /* CategoryBreakdownView.swift in Sources */ = {isa = PBXBuildFile; fileRef = 8D2E5A5CD4E67C9C5AE1AEAE /* CategoryBreakdownView.swift */; };
		764AF92B77ED13BB8AFBE268 /* FrequencySegmentedControl.swift in Sources */ = {isa = PBXBuildFile; fileRef = 9F6CD6DC610800539871591D /* FrequencySegmentedControl.swift */; };
		7A33146E5E566656EA873FBF /* CategoryPickerField.swift in Sources */ = {isa = PBXBuildFile; fileRef = EB4EB12670D0FBDD8E55E9EE /* CategoryPickerField.swift */; };
		7B1D2B7627C98FF09FCA975F /* AppStore.swift in Sources */ = {isa = PBXBuildFile; fileRef = 941B4F98E8A65E4438416F54 /* AppStore.swift */; };
		7B685C4A41B6F375C82BA2AD /* EmptyStateView.swift in Sources */ = {isa = PBXBuildFile; fileRef = 1A75AE75187A1CF0C81EACA5 /* EmptyStateView.swift */; };
		88087414B3463550751F67F9 /* SubTraktApp.swift in Sources */ = {isa = PBXBuildFile; fileRef = 24B437D58FD0135D50400DAA /* SubTraktApp.swift */; };
		8B4BE6BBB0872D2D5ACE2FF5 /* SubscriptionQuery.swift in Sources */ = {isa = PBXBuildFile; fileRef = 93225A2676AF5E3BA2FECDBC /* SubscriptionQuery.swift */; };
		92CCB5D4792BE633B0C698F0 /* Format.swift in Sources */ = {isa = PBXBuildFile; fileRef = 4CDE8F4FCC961CD40A7A6562 /* Format.swift */; };
		9523A76B00E2E5360940E786 /* RootTabView.swift in Sources */ = {isa = PBXBuildFile; fileRef = A9544BCF3B931D64380D1B3A /* RootTabView.swift */; };
		9A01F7974E17B24F9B2BAD33 /* Foundation.framework in Frameworks */ = {isa = PBXBuildFile; fileRef = 056F7C9D37B729CD8D314498 /* Foundation.framework */; };
		AFEC5AF83973A021CD30B498 /* DateMath.swift in Sources */ = {isa = PBXBuildFile; fileRef = F16B80945E821FFF40156C45 /* DateMath.swift */; };
		BBE73810ACF74A73F61C81FC /* SettingsView.swift in Sources */ = {isa = PBXBuildFile; fileRef = E1801FBFA1FE683F90BDAB53 /* SettingsView.swift */; };
		BC21E260B857F66563BFA57E /* Subscription.swift in Sources */ = {isa = PBXBuildFile; fileRef = CC28B5207BD590C3AA608F5E /* Subscription.swift */; };
		CE5CCE5F6CAA87BF1D37DA05 /* Constants.swift in Sources */ = {isa = PBXBuildFile; fileRef = A0340CE48C39FBEC8F360B0C /* Constants.swift */; };
		D06FF90AE0029D51A833FE3A /* KnownCategories.swift in Sources */ = {isa = PBXBuildFile; fileRef = EAADC6169D2926BD1695647C /* KnownCategories.swift */; };
		D5E996AE42936ECD90486B07 /* Assets.xcassets in Resources */ = {isa = PBXBuildFile; fileRef = AC4ECDA0779B66B604A0E7CA /* Assets.xcassets */; };
		DDE3AE458906827BA5E7E7FA /* PriceHistoryEntry.swift in Sources */ = {isa = PBXBuildFile; fileRef = 954D522CE2465DA71E8EAE27 /* PriceHistoryEntry.swift */; };
		E3BC3DD0AC431415DB485147 /* PrivacyInfo.xcprivacy in Resources */ = {isa = PBXBuildFile; fileRef = 210BF74AA13EC167818726DD /* PrivacyInfo.xcprivacy */; };
		E844687CC73734E8D0BE3CF1 /* Theme.swift in Sources */ = {isa = PBXBuildFile; fileRef = B6A998F93EF1A2BDC8879205 /* Theme.swift */; };
		EEF0866E9FC6469F53ECE244 /* Currency.swift in Sources */ = {isa = PBXBuildFile; fileRef = D25363A31934DE950CFC1EAC /* Currency.swift */; };
		EF3C7465D4887FF871B7C4F3 /* AppSettings.swift in Sources */ = {isa = PBXBuildFile; fileRef = ABED5BF5454BB6FBD8285705 /* AppSettings.swift */; };
		F281B70CBA3BECBAB9324398 /* NotificationScheduler.swift in Sources */ = {isa = PBXBuildFile; fileRef = C87BFE45C25323C1BED1F142 /* NotificationScheduler.swift */; };
		FF83F72A6379FFEE148CCA1C /* CategoryColors.swift in Sources */ = {isa = PBXBuildFile; fileRef = 3FD9D54058E61C5750A95349 /* CategoryColors.swift */; };
/* End PBXBuildFile section */

/* Begin PBXFileReference section */
		056F7C9D37B729CD8D314498 /* Foundation.framework */ = {isa = PBXFileReference; lastKnownFileType = wrapper.framework; name = Foundation.framework; path = Platforms/iPhoneOS.platform/Developer/SDKs/iPhoneOS26.0.sdk/System/Library/Frameworks/Foundation.framework; sourceTree = DEVELOPER_DIR; };
		0816ADBA94DF4BCC3FD97261 /* Reconciler.swift */ = {isa = PBXFileReference; includeInIndex = 1; lastKnownFileType = sourcecode.swift; path = Reconciler.swift; sourceTree = "<group>"; };
		0C4E8FF6998711BE921920CF /* LogoBadgeView.swift */ = {isa = PBXFileReference; includeInIndex = 1; lastKnownFileType = sourcecode.swift; path = LogoBadgeView.swift; sourceTree = "<group>"; };
		150691C2D63B3ACFD7C1D745 /* SubscriptionsListView.swift */ = {isa = PBXFileReference; includeInIndex = 1; lastKnownFileType = sourcecode.swift; path = SubscriptionsListView.swift; sourceTree = "<group>"; };
		1A75AE75187A1CF0C81EACA5 /* EmptyStateView.swift */ = {isa = PBXFileReference; includeInIndex = 1; lastKnownFileType = sourcecode.swift; path = EmptyStateView.swift; sourceTree = "<group>"; };
		1ED6981CF781920DB097D031 /* SubscriptionDraft.swift */ = {isa = PBXFileReference; includeInIndex = 1; lastKnownFileType = sourcecode.swift; path = SubscriptionDraft.swift; sourceTree = "<group>"; };
		210BF74AA13EC167818726DD /* PrivacyInfo.xcprivacy */ = {isa = PBXFileReference; includeInIndex = 1; path = PrivacyInfo.xcprivacy; sourceTree = "<group>"; };
		233D6600C31ADEBB33FDA41C /* StatCardView.swift */ = {isa = PBXFileReference; includeInIndex = 1; lastKnownFileType = sourcecode.swift; path = StatCardView.swift; sourceTree = "<group>"; };
		24B437D58FD0135D50400DAA /* SubTraktApp.swift */ = {isa = PBXFileReference; includeInIndex = 1; lastKnownFileType = sourcecode.swift; path = SubTraktApp.swift; sourceTree = "<group>"; };
		3FD9D54058E61C5750A95349 /* CategoryColors.swift */ = {isa = PBXFileReference; includeInIndex = 1; lastKnownFileType = sourcecode.swift; path = CategoryColors.swift; sourceTree = "<group>"; };
		4CDE8F4FCC961CD40A7A6562 /* Format.swift */ = {isa = PBXFileReference; includeInIndex = 1; lastKnownFileType = sourcecode.swift; path = Format.swift; sourceTree = "<group>"; };
		561FDBCC96700B9E18E665D0 /* BrandIcons.swift */ = {isa = PBXFileReference; includeInIndex = 1; lastKnownFileType = sourcecode.swift; path = BrandIcons.swift; sourceTree = "<group>"; };
		5C4B1F8B28FE7FC8517C9052 /* SubscriptionFormView.swift */ = {isa = PBXFileReference; includeInIndex = 1; lastKnownFileType = sourcecode.swift; path = SubscriptionFormView.swift; sourceTree = "<group>"; };
		5CC02A5CB4406ECAEB9A6BFB /* PersistenceController.swift */ = {isa = PBXFileReference; includeInIndex = 1; lastKnownFileType = sourcecode.swift; path = PersistenceController.swift; sourceTree = "<group>"; };
		85B7D7906AD5EC417B7CB231 /* DashboardView.swift */ = {isa = PBXFileReference; includeInIndex = 1; lastKnownFileType = sourcecode.swift; path = DashboardView.swift; sourceTree = "<group>"; };
		8D2E5A5CD4E67C9C5AE1AEAE /* CategoryBreakdownView.swift */ = {isa = PBXFileReference; includeInIndex = 1; lastKnownFileType = sourcecode.swift; path = CategoryBreakdownView.swift; sourceTree = "<group>"; };
		93225A2676AF5E3BA2FECDBC /* SubscriptionQuery.swift */ = {isa = PBXFileReference; includeInIndex = 1; lastKnownFileType = sourcecode.swift; path = SubscriptionQuery.swift; sourceTree = "<group>"; };
		941B4F98E8A65E4438416F54 /* AppStore.swift */ = {isa = PBXFileReference; includeInIndex = 1; lastKnownFileType = sourcecode.swift; path = AppStore.swift; sourceTree = "<group>"; };
		954D522CE2465DA71E8EAE27 /* PriceHistoryEntry.swift */ = {isa = PBXFileReference; includeInIndex = 1; lastKnownFileType = sourcecode.swift; path = PriceHistoryEntry.swift; sourceTree = "<group>"; };
		9AE28B392C73D8EC268AD4BD /* SubscriptionRowView.swift */ = {isa = PBXFileReference; includeInIndex = 1; lastKnownFileType = sourcecode.swift; path = SubscriptionRowView.swift; sourceTree = "<group>"; };
		9C53AFDBE2A4906EDA7633BC /* SubTrakt.app */ = {isa = PBXFileReference; explicitFileType = wrapper.application; includeInIndex = 0; path = SubTrakt.app; sourceTree = BUILT_PRODUCTS_DIR; };
		9D266A1640738CC107EC2CD0 /* OnboardingView.swift */ = {isa = PBXFileReference; includeInIndex = 1; lastKnownFileType = sourcecode.swift; path = OnboardingView.swift; sourceTree = "<group>"; };
		9F6CD6DC610800539871591D /* FrequencySegmentedControl.swift */ = {isa = PBXFileReference; includeInIndex = 1; lastKnownFileType = sourcecode.swift; path = FrequencySegmentedControl.swift; sourceTree = "<group>"; };
		A0340CE48C39FBEC8F360B0C /* Constants.swift */ = {isa = PBXFileReference; includeInIndex = 1; lastKnownFileType = sourcecode.swift; path = Constants.swift; sourceTree = "<group>"; };
		A9544BCF3B931D64380D1B3A /* RootTabView.swift */ = {isa = PBXFileReference; includeInIndex = 1; lastKnownFileType = sourcecode.swift; path = RootTabView.swift; sourceTree = "<group>"; };
		ABED5BF5454BB6FBD8285705 /* AppSettings.swift */ = {isa = PBXFileReference; includeInIndex = 1; lastKnownFileType = sourcecode.swift; path = AppSettings.swift; sourceTree = "<group>"; };
		AC4ECDA0779B66B604A0E7CA /* Assets.xcassets */ = {isa = PBXFileReference; includeInIndex = 1; lastKnownFileType = folder.assetcatalog; path = Assets.xcassets; sourceTree = "<group>"; };
		B6A998F93EF1A2BDC8879205 /* Theme.swift */ = {isa = PBXFileReference; includeInIndex = 1; lastKnownFileType = sourcecode.swift; path = Theme.swift; sourceTree = "<group>"; };
		B8919A359C9607FF6EDF20D5 /* Frequency.swift */ = {isa = PBXFileReference; includeInIndex = 1; lastKnownFileType = sourcecode.swift; path = Frequency.swift; sourceTree = "<group>"; };
		C87BFE45C25323C1BED1F142 /* NotificationScheduler.swift */ = {isa = PBXFileReference; includeInIndex = 1; lastKnownFileType = sourcecode.swift; path = NotificationScheduler.swift; sourceTree = "<group>"; };
		CC28B5207BD590C3AA608F5E /* Subscription.swift */ = {isa = PBXFileReference; includeInIndex = 1; lastKnownFileType = sourcecode.swift; path = Subscription.swift; sourceTree = "<group>"; };
		D25363A31934DE950CFC1EAC /* Currency.swift */ = {isa = PBXFileReference; includeInIndex = 1; lastKnownFileType = sourcecode.swift; path = Currency.swift; sourceTree = "<group>"; };
		E1801FBFA1FE683F90BDAB53 /* SettingsView.swift */ = {isa = PBXFileReference; includeInIndex = 1; lastKnownFileType = sourcecode.swift; path = SettingsView.swift; sourceTree = "<group>"; };
		EAADC6169D2926BD1695647C /* KnownCategories.swift */ = {isa = PBXFileReference; includeInIndex = 1; lastKnownFileType = sourcecode.swift; path = KnownCategories.swift; sourceTree = "<group>"; };
		EB4EB12670D0FBDD8E55E9EE /* CategoryPickerField.swift */ = {isa = PBXFileReference; includeInIndex = 1; lastKnownFileType = sourcecode.swift; path = CategoryPickerField.swift; sourceTree = "<group>"; };
		F16B80945E821FFF40156C45 /* DateMath.swift */ = {isa = PBXFileReference; includeInIndex = 1; lastKnownFileType = sourcecode.swift; path = DateMath.swift; sourceTree = "<group>"; };
/* End PBXFileReference section */

/* Begin PBXFrameworksBuildPhase section */
		217DFDEB86C1FEE4388F838C /* Frameworks */ = {
			isa = PBXFrameworksBuildPhase;
			buildActionMask = 2147483647;
			files = (
				9A01F7974E17B24F9B2BAD33 /* Foundation.framework in Frameworks */,
			);
			runOnlyForDeploymentPostprocessing = 0;
		};
/* End PBXFrameworksBuildPhase section */

/* Begin PBXGroup section */
		076D8E81726CBA89006F5D3A /* Dashboard */ = {
			isa = PBXGroup;
			children = (
				8D2E5A5CD4E67C9C5AE1AEAE /* CategoryBreakdownView.swift */,
				85B7D7906AD5EC417B7CB231 /* DashboardView.swift */,
				233D6600C31ADEBB33FDA41C /* StatCardView.swift */,
			);
			name = Dashboard;
			path = Dashboard;
			sourceTree = "<group>";
		};
		0F36561FCA0D8A1EC13F050C /* Notifications */ = {
			isa = PBXGroup;
			children = (
				C87BFE45C25323C1BED1F142 /* NotificationScheduler.swift */,
			);
			name = Notifications;
			path = Notifications;
			sourceTree = "<group>";
		};
		29C1AC3DFEEFB2FA3DED492C /* Resources */ = {
			isa = PBXGroup;
			children = (
				AC4ECDA0779B66B604A0E7CA /* Assets.xcassets */,
				210BF74AA13EC167818726DD /* PrivacyInfo.xcprivacy */,
			);
			name = Resources;
			path = Resources;
			sourceTree = "<group>";
		};
		2A41F8268222B592D4A63B99 /* Products */ = {
			isa = PBXGroup;
			children = (
				9C53AFDBE2A4906EDA7633BC /* SubTrakt.app */,
			);
			name = Products;
			sourceTree = "<group>";
		};
		3B2754D6CF9AB998976C2F2B /* iOS */ = {
			isa = PBXGroup;
			children = (
				056F7C9D37B729CD8D314498 /* Foundation.framework */,
			);
			name = iOS;
			sourceTree = "<group>";
		};
		5C045B075DEBB56FE104B22B /* Persistence */ = {
			isa = PBXGroup;
			children = (
				941B4F98E8A65E4438416F54 /* AppStore.swift */,
				5CC02A5CB4406ECAEB9A6BFB /* PersistenceController.swift */,
				1ED6981CF781920DB097D031 /* SubscriptionDraft.swift */,
			);
			name = Persistence;
			path = Persistence;
			sourceTree = "<group>";
		};
		7691A48BCDF00A46DDB0FE68 /* Onboarding */ = {
			isa = PBXGroup;
			children = (
				9D266A1640738CC107EC2CD0 /* OnboardingView.swift */,
			);
			name = Onboarding;
			path = Onboarding;
			sourceTree = "<group>";
		};
		7A782C32B0DA583AB183D2D9 /* Models */ = {
			isa = PBXGroup;
			children = (
				ABED5BF5454BB6FBD8285705 /* AppSettings.swift */,
				A0340CE48C39FBEC8F360B0C /* Constants.swift */,
				B8919A359C9607FF6EDF20D5 /* Frequency.swift */,
				954D522CE2465DA71E8EAE27 /* PriceHistoryEntry.swift */,
				CC28B5207BD590C3AA608F5E /* Subscription.swift */,
			);
			name = Models;
			path = Models;
			sourceTree = "<group>";
		};
		9CBBA422ADA840894A4B61A9 /* App */ = {
			isa = PBXGroup;
			children = (
				24B437D58FD0135D50400DAA /* SubTraktApp.swift */,
			);
			name = App;
			path = App;
			sourceTree = "<group>";
		};
		AA7039C3CBD2B7CFBF5039C3 /* SubTrakt */ = {
			isa = PBXGroup;
			children = (
				9CBBA422ADA840894A4B61A9 /* App */,
				EDCBC2291002A7E513C2F409 /* Logic */,
				7A782C32B0DA583AB183D2D9 /* Models */,
				0F36561FCA0D8A1EC13F050C /* Notifications */,
				5C045B075DEBB56FE104B22B /* Persistence */,
				29C1AC3DFEEFB2FA3DED492C /* Resources */,
				BFA9BE8ABFD4D416D68B5B2A /* Views */,
			);
			name = SubTrakt;
			path = SubTrakt;
			sourceTree = "<group>";
		};
		AE7E24DFAF100A0AFAE7EA14 = {
			isa = PBXGroup;
			children = (
				2A41F8268222B592D4A63B99 /* Products */,
				D6AF8969F725A1E6D04F08D7 /* Frameworks */,
				AA7039C3CBD2B7CFBF5039C3 /* SubTrakt */,
			);
			sourceTree = "<group>";
		};
		BFA9BE8ABFD4D416D68B5B2A /* Views */ = {
			isa = PBXGroup;
			children = (
				076D8E81726CBA89006F5D3A /* Dashboard */,
				7691A48BCDF00A46DDB0FE68 /* Onboarding */,
				A9544BCF3B931D64380D1B3A /* RootTabView.swift */,
				DB6E54A6831DB7AA32B8881C /* Settings */,
				E1E1E01BBF949B898EBCB1B2 /* Shared */,
				E1FB532D8368BAE899D1B1A9 /* Subscriptions */,
			);
			name = Views;
			path = Views;
			sourceTree = "<group>";
		};
		D6AF8969F725A1E6D04F08D7 /* Frameworks */ = {
			isa = PBXGroup;
			children = (
				3B2754D6CF9AB998976C2F2B /* iOS */,
			);
			name = Frameworks;
			sourceTree = "<group>";
		};
		DB6E54A6831DB7AA32B8881C /* Settings */ = {
			isa = PBXGroup;
			children = (
				E1801FBFA1FE683F90BDAB53 /* SettingsView.swift */,
			);
			name = Settings;
			path = Settings;
			sourceTree = "<group>";
		};
		E1E1E01BBF949B898EBCB1B2 /* Shared */ = {
			isa = PBXGroup;
			children = (
				EB4EB12670D0FBDD8E55E9EE /* CategoryPickerField.swift */,
				1A75AE75187A1CF0C81EACA5 /* EmptyStateView.swift */,
				9F6CD6DC610800539871591D /* FrequencySegmentedControl.swift */,
				0C4E8FF6998711BE921920CF /* LogoBadgeView.swift */,
			);
			name = Shared;
			path = Shared;
			sourceTree = "<group>";
		};
		E1FB532D8368BAE899D1B1A9 /* Subscriptions */ = {
			isa = PBXGroup;
			children = (
				5C4B1F8B28FE7FC8517C9052 /* SubscriptionFormView.swift */,
				9AE28B392C73D8EC268AD4BD /* SubscriptionRowView.swift */,
				150691C2D63B3ACFD7C1D745 /* SubscriptionsListView.swift */,
			);
			name = Subscriptions;
			path = Subscriptions;
			sourceTree = "<group>";
		};
		EDCBC2291002A7E513C2F409 /* Logic */ = {
			isa = PBXGroup;
			children = (
				561FDBCC96700B9E18E665D0 /* BrandIcons.swift */,
				3FD9D54058E61C5750A95349 /* CategoryColors.swift */,
				D25363A31934DE950CFC1EAC /* Currency.swift */,
				F16B80945E821FFF40156C45 /* DateMath.swift */,
				4CDE8F4FCC961CD40A7A6562 /* Format.swift */,
				EAADC6169D2926BD1695647C /* KnownCategories.swift */,
				0816ADBA94DF4BCC3FD97261 /* Reconciler.swift */,
				93225A2676AF5E3BA2FECDBC /* SubscriptionQuery.swift */,
				B6A998F93EF1A2BDC8879205 /* Theme.swift */,
			);
			name = Logic;
			path = Logic;
			sourceTree = "<group>";
		};
/* End PBXGroup section */

/* Begin PBXNativeTarget section */
		35E7ADE16C7D6360A117AAC3 /* SubTrakt */ = {
			isa = PBXNativeTarget;
			buildConfigurationList = F67D457BF4E306D8F9D309E8 /* Build configuration list for PBXNativeTarget "SubTrakt" */;
			buildPhases = (
				8F15EB4A95C3AB36064C09A7 /* Sources */,
				217DFDEB86C1FEE4388F838C /* Frameworks */,
				444D694CF15E173A6499AEFC /* Resources */,
			);
			buildRules = (
			);
			dependencies = (
			);
			name = SubTrakt;
			productName = SubTrakt;
			productReference = 9C53AFDBE2A4906EDA7633BC /* SubTrakt.app */;
			productType = "com.apple.product-type.application";
		};
/* End PBXNativeTarget section */

/* Begin PBXProject section */
		F562204F13F58943C4B40030 /* Project object */ = {
			isa = PBXProject;
			attributes = {
				LastSwiftUpdateCheck = 1600;
				LastUpgradeCheck = 1600;
			};
			buildConfigurationList = 24C957AB5909FD11F8942318 /* Build configuration list for PBXProject "SubTrakt" */;
			compatibilityVersion = "Xcode 3.2";
			developmentRegion = en;
			hasScannedForEncodings = 0;
			knownRegions = (
				en,
				Base,
			);
			mainGroup = AE7E24DFAF100A0AFAE7EA14;
			minimizedProjectReferenceProxies = 0;
			preferredProjectObjectVersion = 100;
			productRefGroup = 2A41F8268222B592D4A63B99 /* Products */;
			projectDirPath = "";
			projectRoot = "";
			targets = (
				35E7ADE16C7D6360A117AAC3 /* SubTrakt */,
			);
		};
/* End PBXProject section */

/* Begin PBXResourcesBuildPhase section */
		444D694CF15E173A6499AEFC /* Resources */ = {
			isa = PBXResourcesBuildPhase;
			buildActionMask = 2147483647;
			files = (
				D5E996AE42936ECD90486B07 /* Assets.xcassets in Resources */,
				E3BC3DD0AC431415DB485147 /* PrivacyInfo.xcprivacy in Resources */,
			);
			runOnlyForDeploymentPostprocessing = 0;
		};
/* End PBXResourcesBuildPhase section */

/* Begin PBXSourcesBuildPhase section */
		8F15EB4A95C3AB36064C09A7 /* Sources */ = {
			isa = PBXSourcesBuildPhase;
			buildActionMask = 2147483647;
			files = (
				88087414B3463550751F67F9 /* SubTraktApp.swift in Sources */,
				3998B5879D0ED8B939C69B43 /* BrandIcons.swift in Sources */,
				FF83F72A6379FFEE148CCA1C /* CategoryColors.swift in Sources */,
				EEF0866E9FC6469F53ECE244 /* Currency.swift in Sources */,
				AFEC5AF83973A021CD30B498 /* DateMath.swift in Sources */,
				92CCB5D4792BE633B0C698F0 /* Format.swift in Sources */,
				D06FF90AE0029D51A833FE3A /* KnownCategories.swift in Sources */,
				006FB40AD8D51E9C2BFF093F /* Reconciler.swift in Sources */,
				8B4BE6BBB0872D2D5ACE2FF5 /* SubscriptionQuery.swift in Sources */,
				E844687CC73734E8D0BE3CF1 /* Theme.swift in Sources */,
				EF3C7465D4887FF871B7C4F3 /* AppSettings.swift in Sources */,
				CE5CCE5F6CAA87BF1D37DA05 /* Constants.swift in Sources */,
				4929024249250A8D9D2F7089 /* Frequency.swift in Sources */,
				DDE3AE458906827BA5E7E7FA /* PriceHistoryEntry.swift in Sources */,
				BC21E260B857F66563BFA57E /* Subscription.swift in Sources */,
				F281B70CBA3BECBAB9324398 /* NotificationScheduler.swift in Sources */,
				7B1D2B7627C98FF09FCA975F /* AppStore.swift in Sources */,
				32C105077D914196EC583401 /* PersistenceController.swift in Sources */,
				3C4EC4C476A86AABA0184674 /* SubscriptionDraft.swift in Sources */,
				5A9E4E8B8A0A3546D3593306 /* CategoryBreakdownView.swift in Sources */,
				1D28F7211925DD5CDC9942B5 /* DashboardView.swift in Sources */,
				17FDEA78EFFC5DFA7E80DD45 /* StatCardView.swift in Sources */,
				44B1296B506FCBE1E434B0B3 /* OnboardingView.swift in Sources */,
				9523A76B00E2E5360940E786 /* RootTabView.swift in Sources */,
				BBE73810ACF74A73F61C81FC /* SettingsView.swift in Sources */,
				7A33146E5E566656EA873FBF /* CategoryPickerField.swift in Sources */,
				7B685C4A41B6F375C82BA2AD /* EmptyStateView.swift in Sources */,
				764AF92B77ED13BB8AFBE268 /* FrequencySegmentedControl.swift in Sources */,
				29FF7DC01620CA581AB62246 /* LogoBadgeView.swift in Sources */,
				2338FB6FE3D01F5709C76880 /* SubscriptionFormView.swift in Sources */,
				496BDCA840EC6782EBE754D2 /* SubscriptionRowView.swift in Sources */,
				31E94ACAEAE70E08D9657982 /* SubscriptionsListView.swift in Sources */,
			);
			runOnlyForDeploymentPostprocessing = 0;
		};
/* End PBXSourcesBuildPhase section */

/* Begin XCBuildConfiguration section */
		9FA4D34D737910F4DB894CD3 /* Debug */ = {
			isa = XCBuildConfiguration;
			buildSettings = {
				ASSETCATALOG_COMPILER_APPICON_NAME = AppIcon;
				ASSETCATALOG_COMPILER_GLOBAL_ACCENT_COLOR_NAME = AccentColor;
				CLANG_ENABLE_OBJC_WEAK = NO;
				CODE_SIGN_STYLE = Automatic;
				CURRENT_PROJECT_VERSION = 2;
				DEVELOPMENT_TEAM = 3PJ4Q58Z3W;
				ENABLE_PREVIEWS = YES;
				GENERATE_INFOPLIST_FILE = YES;
				INFOPLIST_KEY_CFBundleDisplayName = SubTrakt;
				INFOPLIST_KEY_ITSAppUsesNonExemptEncryption = NO;
				INFOPLIST_KEY_UIApplicationSceneManifest_Generation = YES;
				INFOPLIST_KEY_UILaunchScreen_Generation = YES;
				INFOPLIST_KEY_UIRequiresFullScreen = YES;
				INFOPLIST_KEY_UISupportedInterfaceOrientations = UIInterfaceOrientationPortrait;
				"INFOPLIST_KEY_UISupportedInterfaceOrientations~ipad" = "UIInterfaceOrientationPortrait UIInterfaceOrientationPortraitUpsideDown";
				IPHONEOS_DEPLOYMENT_TARGET = 17.0;
				LD_RUNPATH_SEARCH_PATHS = "$(inherited) @executable_path/Frameworks";
				MARKETING_VERSION = 1.0;
				PRODUCT_BUNDLE_IDENTIFIER = com.mattheriault.SubTrakt;
				SDKROOT = iphoneos;
				SWIFT_EMIT_LOC_STRINGS = NO;
				SWIFT_VERSION = 5.0;
				TARGETED_DEVICE_FAMILY = "1,2";
			};
			name = Debug;
		};
		B80238258F04CDE6C328DA69 /* Debug */ = {
			isa = XCBuildConfiguration;
			buildSettings = {
				ALWAYS_SEARCH_USER_PATHS = NO;
				CLANG_ANALYZER_NONNULL = YES;
				CLANG_ANALYZER_NUMBER_OBJECT_CONVERSION = YES_AGGRESSIVE;
				CLANG_CXX_LANGUAGE_STANDARD = "gnu++14";
				CLANG_CXX_LIBRARY = "libc++";
				CLANG_ENABLE_MODULES = YES;
				CLANG_ENABLE_OBJC_ARC = YES;
				CLANG_ENABLE_OBJC_WEAK = YES;
				CLANG_WARN_BLOCK_CAPTURE_AUTORELEASING = YES;
				CLANG_WARN_BOOL_CONVERSION = YES;
				CLANG_WARN_COMMA = YES;
				CLANG_WARN_CONSTANT_CONVERSION = YES;
				CLANG_WARN_DEPRECATED_OBJC_IMPLEMENTATIONS = YES;
				CLANG_WARN_DIRECT_OBJC_ISA_USAGE = YES_ERROR;
				CLANG_WARN_DOCUMENTATION_COMMENTS = YES;
				CLANG_WARN_EMPTY_BODY = YES;
				CLANG_WARN_ENUM_CONVERSION = YES;
				CLANG_WARN_INFINITE_RECURSION = YES;
				CLANG_WARN_INT_CONVERSION = YES;
				CLANG_WARN_NON_LITERAL_NULL_CONVERSION = YES;
				CLANG_WARN_OBJC_IMPLICIT_RETAIN_SELF = YES;
				CLANG_WARN_OBJC_LITERAL_CONVERSION = YES;
				CLANG_WARN_OBJC_ROOT_CLASS = YES_ERROR;
				CLANG_WARN_QUOTED_INCLUDE_IN_FRAMEWORK_HEADER = YES;
				CLANG_WARN_RANGE_LOOP_ANALYSIS = YES;
				CLANG_WARN_STRICT_PROTOTYPES = YES;
				CLANG_WARN_SUSPICIOUS_MOVE = YES;
				CLANG_WARN_UNGUARDED_AVAILABILITY = YES_AGGRESSIVE;
				CLANG_WARN_UNREACHABLE_CODE = YES;
				CLANG_WARN__DUPLICATE_METHOD_MATCH = YES;
				COPY_PHASE_STRIP = NO;
				DEBUG_INFORMATION_FORMAT = dwarf;
				ENABLE_STRICT_OBJC_MSGSEND = YES;
				ENABLE_TESTABILITY = YES;
				GCC_C_LANGUAGE_STANDARD = gnu11;
				GCC_DYNAMIC_NO_PIC = NO;
				GCC_NO_COMMON_BLOCKS = YES;
				GCC_OPTIMIZATION_LEVEL = 0;
				GCC_PREPROCESSOR_DEFINITIONS = (
					"DEBUG=1",
					"$(inherited)",
				);
				GCC_WARN_64_TO_32_BIT_CONVERSION = YES;
				GCC_WARN_ABOUT_RETURN_TYPE = YES_ERROR;
				GCC_WARN_UNDECLARED_SELECTOR = YES;
				GCC_WARN_UNINITIALIZED_AUTOS = YES_AGGRESSIVE;
				GCC_WARN_UNUSED_FUNCTION = YES;
				GCC_WARN_UNUSED_VARIABLE = YES;
				MTL_ENABLE_DEBUG_INFO = INCLUDE_SOURCE;
				MTL_FAST_MATH = YES;
				ONLY_ACTIVE_ARCH = YES;
				PRODUCT_NAME = "$(TARGET_NAME)";
				SWIFT_ACTIVE_COMPILATION_CONDITIONS = DEBUG;
				SWIFT_OPTIMIZATION_LEVEL = "-Onone";
				SWIFT_VERSION = 5.0;
			};
			name = Debug;
		};
		BFB9BC137370B2561C11FC55 /* Release */ = {
			isa = XCBuildConfiguration;
			buildSettings = {
				ASSETCATALOG_COMPILER_APPICON_NAME = AppIcon;
				ASSETCATALOG_COMPILER_GLOBAL_ACCENT_COLOR_NAME = AccentColor;
				CLANG_ENABLE_OBJC_WEAK = NO;
				CODE_SIGN_STYLE = Automatic;
				CURRENT_PROJECT_VERSION = 2;
				DEVELOPMENT_TEAM = 3PJ4Q58Z3W;
				ENABLE_PREVIEWS = YES;
				GENERATE_INFOPLIST_FILE = YES;
				INFOPLIST_KEY_CFBundleDisplayName = SubTrakt;
				INFOPLIST_KEY_ITSAppUsesNonExemptEncryption = NO;
				INFOPLIST_KEY_UIApplicationSceneManifest_Generation = YES;
				INFOPLIST_KEY_UILaunchScreen_Generation = YES;
				INFOPLIST_KEY_UIRequiresFullScreen = YES;
				INFOPLIST_KEY_UISupportedInterfaceOrientations = UIInterfaceOrientationPortrait;
				"INFOPLIST_KEY_UISupportedInterfaceOrientations~ipad" = "UIInterfaceOrientationPortrait UIInterfaceOrientationPortraitUpsideDown";
				IPHONEOS_DEPLOYMENT_TARGET = 17.0;
				LD_RUNPATH_SEARCH_PATHS = "$(inherited) @executable_path/Frameworks";
				MARKETING_VERSION = 1.0;
				PRODUCT_BUNDLE_IDENTIFIER = com.mattheriault.SubTrakt;
				SDKROOT = iphoneos;
				SWIFT_EMIT_LOC_STRINGS = NO;
				SWIFT_VERSION = 5.0;
				TARGETED_DEVICE_FAMILY = "1,2";
				VALIDATE_PRODUCT = YES;
			};
			name = Release;
		};
		D099A60AED6147B1A86E37EB /* Release */ = {
			isa = XCBuildConfiguration;
			buildSettings = {
				ALWAYS_SEARCH_USER_PATHS = NO;
				CLANG_ANALYZER_NONNULL = YES;
				CLANG_ANALYZER_NUMBER_OBJECT_CONVERSION = YES_AGGRESSIVE;
				CLANG_CXX_LANGUAGE_STANDARD = "gnu++14";
				CLANG_CXX_LIBRARY = "libc++";
				CLANG_ENABLE_MODULES = YES;
				CLANG_ENABLE_OBJC_ARC = YES;
				CLANG_ENABLE_OBJC_WEAK = YES;
				CLANG_WARN_BLOCK_CAPTURE_AUTORELEASING = YES;
				CLANG_WARN_BOOL_CONVERSION = YES;
				CLANG_WARN_COMMA = YES;
				CLANG_WARN_CONSTANT_CONVERSION = YES;
				CLANG_WARN_DEPRECATED_OBJC_IMPLEMENTATIONS = YES;
				CLANG_WARN_DIRECT_OBJC_ISA_USAGE = YES_ERROR;
				CLANG_WARN_DOCUMENTATION_COMMENTS = YES;
				CLANG_WARN_EMPTY_BODY = YES;
				CLANG_WARN_ENUM_CONVERSION = YES;
				CLANG_WARN_INFINITE_RECURSION = YES;
				CLANG_WARN_INT_CONVERSION = YES;
				CLANG_WARN_NON_LITERAL_NULL_CONVERSION = YES;
				CLANG_WARN_OBJC_IMPLICIT_RETAIN_SELF = YES;
				CLANG_WARN_OBJC_LITERAL_CONVERSION = YES;
				CLANG_WARN_OBJC_ROOT_CLASS = YES_ERROR;
				CLANG_WARN_QUOTED_INCLUDE_IN_FRAMEWORK_HEADER = YES;
				CLANG_WARN_RANGE_LOOP_ANALYSIS = YES;
				CLANG_WARN_STRICT_PROTOTYPES = YES;
				CLANG_WARN_SUSPICIOUS_MOVE = YES;
				CLANG_WARN_UNGUARDED_AVAILABILITY = YES_AGGRESSIVE;
				CLANG_WARN_UNREACHABLE_CODE = YES;
				CLANG_WARN__DUPLICATE_METHOD_MATCH = YES;
				COPY_PHASE_STRIP = NO;
				DEBUG_INFORMATION_FORMAT = "dwarf-with-dsym";
				ENABLE_NS_ASSERTIONS = NO;
				ENABLE_STRICT_OBJC_MSGSEND = YES;
				GCC_C_LANGUAGE_STANDARD = gnu11;
				GCC_NO_COMMON_BLOCKS = YES;
				GCC_WARN_64_TO_32_BIT_CONVERSION = YES;
				GCC_WARN_ABOUT_RETURN_TYPE = YES_ERROR;
				GCC_WARN_UNDECLARED_SELECTOR = YES;
				GCC_WARN_UNINITIALIZED_AUTOS = YES_AGGRESSIVE;
				GCC_WARN_UNUSED_FUNCTION = YES;
				GCC_WARN_UNUSED_VARIABLE = YES;
				MTL_ENABLE_DEBUG_INFO = NO;
				MTL_FAST_MATH = YES;
				PRODUCT_NAME = "$(TARGET_NAME)";
				SWIFT_COMPILATION_MODE = wholemodule;
				SWIFT_OPTIMIZATION_LEVEL = "-O";
				SWIFT_VERSION = 5.0;
			};
			name = Release;
		};
/* End XCBuildConfiguration section */

/* Begin XCConfigurationList section */
		24C957AB5909FD11F8942318 /* Build configuration list for PBXProject "SubTrakt" */ = {
			isa = XCConfigurationList;
			buildConfigurations = (
				B80238258F04CDE6C328DA69 /* Debug */,
				D099A60AED6147B1A86E37EB /* Release */,
			);
			defaultConfigurationIsVisible = 0;
			defaultConfigurationName = Release;
		};
		F67D457BF4E306D8F9D309E8 /* Build configuration list for PBXNativeTarget "SubTrakt" */ = {
			isa = XCConfigurationList;
			buildConfigurations = (
				BFB9BC137370B2561C11FC55 /* Release */,
				9FA4D34D737910F4DB894CD3 /* Debug */,
			);
			defaultConfigurationIsVisible = 0;
			defaultConfigurationName = Release;
		};
/* End XCConfigurationList section */
	};
	rootObject = F562204F13F58943C4B40030 /* Project object */;
}
